
Microsoft Visual Studio Solution File, Format Version 12.00
# Visual Studio Version 17
VisualStudioVersion = 17.11.35312.102
MinimumVisualStudioVersion = 10.0.40219.1
Project("{FAE04EC0-301F-11D3-BF4B-00C04F79EFBC}") = "Pr5TRPO", "Pr5TRPO\Pr5TRPO.csproj", "{B89A9371-05FF-469B-AD1C-E191FC6EFA34}"
EndProject
Global
	GlobalSection(SolutionConfigurationPlatforms) = preSolution
		Debug|Any CPU = Debug|Any CPU
		Release|Any CPU = Release|Any CPU
	EndGlobalSection
	GlobalSection(ProjectConfigurationPlatforms) = postSolution
		{B89A9371-05FF-469B-AD1C-E191FC6EFA34}.Debug|Any CPU.ActiveCfg = Debug|Any CPU
		{B89A9371-05FF-469B-AD1C-E191FC6EFA34}.Debug|Any CPU.Build.0 = Debug|Any CPU
		{B89A9371-05FF-469B-AD1C-E191FC6EFA34}.Release|Any CPU.ActiveCfg = Release|Any CPU
		{B89A9371-05FF-469B-AD1C-E191FC6EFA34}.Release|Any CPU.Build.0 = Release|Any CPU
	EndGlobalSection
	GlobalSection(SolutionProperties) = preSolution
		HideSolutionNode = FALSE
	EndGlobalSection
	GlobalSection(ExtensibilityGlobals) = postSolution
		SolutionGuid = {A53C4608-06B9-4D7D-8C04-EEF56C5967A8}
	EndGlobalSection
EndGlobal
